// !$*UTF8*$!
{
	archiveVersion = 1;
	classes = {
	};
	objectVersion = 50;
	objects = {

/* Begin PBXBuildFile section */
		D14F029E2483851C00B25848 /* AppDelegate.swift in Sources */ = {isa = PBXBuildFile; fileRef = D14F029D2483851C00B25848 /* AppDelegate.swift */; };
		D14F02A02483851C00B25848 /* SceneDelegate.swift in Sources */ = {isa = PBXBuildFile; fileRef = D14F029F2483851C00B25848 /* SceneDelegate.swift */; };
		D14F02A22483851C00B25848 /* ContentView.swift in Sources */ = {isa = PBXBuildFile; fileRef = D14F02A12483851C00B25848 /* ContentView.swift */; };
		D14F02A42483851D00B25848 /* Assets.xcassets in Resources */ = {isa = PBXBuildFile; fileRef = D14F02A32483851D00B25848 /* Assets.xcassets */; };
		D14F02A72483851D00B25848 /* Preview Assets.xcassets in Resources */ = {isa = PBXBuildFile; fileRef = D14F02A62483851D00B25848 /* Preview Assets.xcassets */; };
		D14F02AA2483851D00B25848 /* LaunchScreen.storyboard in Resources */ = {isa = PBXBuildFile; fileRef = D14F02A82483851D00B25848 /* LaunchScreen.storyboard */; };
		D14F02B52483851D00B25848 /* swift_melcepstrumTests.swift in Sources */ = {isa = PBXBuildFile; fileRef = D14F02B42483851D00B25848 /* swift_melcepstrumTests.swift */; };
/* End PBXBuildFile section */

/* Begin PBXContainerItemProxy section */
		D14F02B12483851D00B25848 /* PBXContainerItemProxy */ = {
			isa = PBXContainerItemProxy;
			containerPortal = D14F02922483851C00B25848 /* Project object */;
			proxyType = 1;
			remoteGlobalIDString = D14F02992483851C00B25848;
			remoteInfo = "swift-melcepstrum";
		};
/* End PBXContainerItemProxy section */

/* Begin PBXFileReference section */
		D14F029A2483851C00B25848 /* swift-melcepstrum.app */ = {isa = PBXFileReference; explicitFileType = wrapper.application; includeInIndex = 0; path = "swift-melcepstrum.app"; sourceTree = BUILT_PRODUCTS_DIR; };
		D14F029D2483851C00B25848 /* AppDelegate.swift */ = {isa = PBXFileReference; lastKnownFileType = sourcecode.swift; path = AppDelegate.swift; sourceTree = "<group>"; };
		D14F029F2483851C00B25848 /* SceneDelegate.swift */ = {isa = PBXFileReference; lastKnownFileType = sourcecode.swift; path = SceneDelegate.swift; sourceTree = "<group>"; };
		D14F02A12483851C00B25848 /* ContentView.swift */ = {isa = PBXFileReference; lastKnownFileType = sourcecode.swift; path = ContentView.swift; sourceTree = "<group>"; };
		D14F02A32483851D00B25848 /* Assets.xcassets */ = {isa = PBXFileReference; lastKnownFileType = folder.assetcatalog; path = Assets.xcassets; sourceTree = "<group>"; };
		D14F02A62483851D00B25848 /* Preview Assets.xcassets */ = {isa = PBXFileReference; lastKnownFileType = folder.assetcatalog; path = "Preview Assets.xcassets"; sourceTree = "<group>"; };
		D14F02A92483851D00B25848 /* Base */ = {isa = PBXFileReference; lastKnownFileType = file.storyboard; name = Base; path = Base.lproj/LaunchScreen.storyboard; sourceTree = "<group>"; };
		D14F02AB2483851D00B25848 /* Info.plist */ = {isa = PBXFileReference; lastKnownFileType = text.plist.xml; path = Info.plist; sourceTree = "<group>"; };
		D14F02B02483851D00B25848 /* swift-melcepstrumTests.xctest */ = {isa = PBXFileReference; explicitFileType = wrapper.cfbundle; includeInIndex = 0; path = "swift-melcepstrumTests.xctest"; sourceTree = BUILT_PRODUCTS_DIR; };
		D14F02B42483851D00B25848 /* swift_melcepstrumTests.swift */ = {isa = PBXFileReference; lastKnownFileType = sourcecode.swift; path = swift_melcepstrumTests.swift; sourceTree = "<group>"; };
		D14F02B62483851D00B25848 /* Info.plist */ = {isa = PBXFileReference; lastKnownFileType = text.plist.xml; path = Info.plist; sourceTree = "<group>"; };
/* End PBXFileReference section */

/* Begin PBXFrameworksBuildPhase section */
		D14F02972483851C00B25848 /* Frameworks */ = {
			isa = PBXFrameworksBuildPhase;
			buildActionMask = 2147483647;
			files = (
			);
			runOnlyForDeploymentPostprocessing = 0;
		};
		D14F02AD2483851D00B25848 /* Frameworks */ = {
			isa = PBXFrameworksBuildPhase;
			buildActionMask = 2147483647;
			files = (
			);
			runOnlyForDeploymentPostprocessing = 0;
		};
/* End PBXFrameworksBuildPhase section */

/* Begin PBXGroup section */
		D14F02912483851C00B25848 = {
			isa = PBXGroup;
			children = (
				D14F029C2483851C00B25848 /* swift-melcepstrum */,
				D14F02B32483851D00B25848 /* swift-melcepstrumTests */,
				D14F029B2483851C00B25848 /* Products */,
			);
			sourceTree = "<group>";
		};
		D14F029B2483851C00B25848 /* Products */ = {
			isa = PBXGroup;
			children = (
				D14F029A2483851C00B25848 /* swift-melcepstrum.app */,
				D14F02B02483851D00B25848 /* swift-melcepstrumTests.xctest */,
			);
			name = Products;
			sourceTree = "<group>";
		};
		D14F029C2483851C00B25848 /* swift-melcepstrum */ = {
			isa = PBXGroup;
			children = (
				D14F029D2483851C00B25848 /* AppDelegate.swift */,
				D14F029F2483851C00B25848 /* SceneDelegate.swift */,
				D14F02A12483851C00B25848 /* ContentView.swift */,
				D14F02A32483851D00B25848 /* Assets.xcassets */,
				D14F02A82483851D00B25848 /* LaunchScreen.storyboard */,
				D14F02AB2483851D00B25848 /* Info.plist */,
				D14F02A52483851D00B25848 /* Preview Content */,
			);
			path = "swift-melcepstrum";
			sourceTree = "<group>";
		};
		D14F02A52483851D00B25848 /* Preview Content */ = {
			isa = PBXGroup;
			children = (
				D14F02A62483851D00B25848 /* Preview Assets.xcassets */,
			);
			path = "Preview Content";
			sourceTree = "<group>";
		};
		D14F02B32483851D00B25848 /* swift-melcepstrumTests */ = {
			isa = PBXGroup;
			children = (
				D14F02B42483851D00B25848 /* swift_melcepstrumTests.swift */,
				D14F02B62483851D00B25848 /* Info.plist */,
			);
			path = "swift-melcepstrumTests";
			sourceTree = "<group>";
		};
/* End PBXGroup section */

/* Begin PBXNativeTarget section */
		D14F02992483851C00B25848 /* swift-melcepstrum */ = {
			isa = PBXNativeTarget;
			buildConfigurationList = D14F02B92483851D00B25848 /* Build configuration list for PBXNativeTarget "swift-melcepstrum" */;
			buildPhases = (
				D14F02962483851C00B25848 /* Sources */,
				D14F02972483851C00B25848 /* Frameworks */,
				D14F02982483851C00B25848 /* Resources */,
			);
			buildRules = (
			);
			dependencies = (
			);
			name = "swift-melcepstrum";
			productName = "swift-melcepstrum";
			productReference = D14F029A2483851C00B25848 /* swift-melcepstrum.app */;
			productType = "com.apple.product-type.application";
		};
		D14F02AF2483851D00B25848 /* swift-melcepstrumTests */ = {
			isa = PBXNativeTarget;
			buildConfigurationList = D14F02BC2483851D00B25848 /* Build configuration list for PBXNativeTarget "swift-melcepstrumTests" */;
			buildPhases = (
				D14F02AC2483851D00B25848 /* Sources */,
				D14F02AD2483851D00B25848 /* Frameworks */,
				D14F02AE2483851D00B25848 /* Resources */,
			);
			buildRules = (
			);
			dependencies = (
				D14F02B22483851D00B25848 /* PBXTargetDependency */,
			);
			name = "swift-melcepstrumTests";
			productName = "swift-melcepstrumTests";
			productReference = D14F02B02483851D00B25848 /* swift-melcepstrumTests.xctest */;
			productType = "com.apple.product-type.bundle.unit-test";
		};
/* End PBXNativeTarget section */

/* Begin PBXProject section */
		D14F02922483851C00B25848 /* Project object */ = {
			isa = PBXProject;
			attributes = {
				LastSwiftUpdateCheck = 1140;
				LastUpgradeCheck = 1140;
				ORGANIZATIONNAME = "Bryan Wang";
				TargetAttributes = {
					D14F02992483851C00B25848 = {
						CreatedOnToolsVersion = 11.4;
					};
					D14F02AF2483851D00B25848 = {
						CreatedOnToolsVersion = 11.4;
						TestTargetID = D14F02992483851C00B25848;
					};
				};
			};
			buildConfigurationList = D14F02952483851C00B25848 /* Build configuration list for PBXProject "swift-melcepstrum" */;
			compatibilityVersion = "Xcode 9.3";
			developmentRegion = en;
			hasScannedForEncodings = 0;
			knownRegions = (
				en,
				Base,
			);
			mainGroup = D14F02912483851C00B25848;
			productRefGroup = D14F029B2483851C00B25848 /* Products */;
			projectDirPath = "";
			projectRoot = "";
			targets = (
				D14F02992483851C00B25848 /* swift-melcepstrum */,
				D14F02AF2483851D00B25848 /* swift-melcepstrumTests */,
			);
		};
/* End PBXProject section */

/* Begin PBXResourcesBuildPhase section */
		D14F02982483851C00B25848 /* Resources */ = {
			isa = PBXResourcesBuildPhase;
			buildActionMask = 2147483647;
			files = (
				D14F02AA2483851D00B25848 /* LaunchScreen.storyboard in Resources */,
				D14F02A72483851D00B25848 /* Preview Assets.xcassets in Resources */,
				D14F02A42483851D00B25848 /* Assets.xcassets in Resources */,
			);
			runOnlyForDeploymentPostprocessing = 0;
		};
		D14F02AE2483851D00B25848 /* Resources */ = {
			isa = PBXResourcesBuildPhase;
			buildActionMask = 2147483647;
			files = (
			);
			runOnlyForDeploymentPostprocessing = 0;
		};
/* End PBXResourcesBuildPhase section */

/* Begin PBXSourcesBuildPhase section */
		D14F02962483851C00B25848 /* Sources */ = {
			isa = PBXSourcesBuildPhase;
			buildActionMask = 2147483647;
			files = (
				D14F029E2483851C00B25848 /* AppDelegate.swift in Sources */,
				D14F02A02483851C00B25848 /* SceneDelegate.swift in Sources */,
				D14F02A22483851C00B25848 /* ContentView.swift in Sources */,
			);
			runOnlyForDeploymentPostprocessing = 0;
		};
		D14F02AC2483851D00B25848 /* Sources */ = {
			isa = PBXSourcesBuildPhase;
			buildActionMask = 2147483647;
			files = (
				D14F02B52483851D00B25848 /* swift_melcepstrumTests.swift in Sources */,
			);
			runOnlyForDeploymentPostprocessing = 0;
		};
/* End PBXSourcesBuildPhase section */

/* Begin PBXTargetDependency section */
		D14F02B22483851D00B25848 /* PBXTargetDependency */ = {
			isa = PBXTargetDependency;
			target = D14F02992483851C00B25848 /* swift-melcepstrum */;
			targetProxy = D14F02B12483851D00B25848 /* PBXContainerItemProxy */;
		};
/* End PBXTargetDependency section */

/* Begin PBXVariantGroup section */
		D14F02A82483851D00B25848 /* LaunchScreen.storyboard */ = {
			isa = PBXVariantGroup;
			children = (
				D14F02A92483851D00B25848 /* Base */,
			);
			name = LaunchScreen.storyboard;
			sourceTree = "<group>";
		};
/* End PBXVariantGroup section */

/* Begin XCBuildConfiguration section */
		D14F02B72483851D00B25848 /* Debug */ = {
			isa = XCBuildConfiguration;
			buildSettings = {
				ALWAYS_SEARCH_USER_PATHS = NO;
				CLANG_ANALYZER_NONNULL = YES;
				CLANG_ANALYZER_NUMBER_OBJECT_CONVERSION = YES_AGGRESSIVE;
				CLANG_CXX_LANGUAGE_STANDARD = "gnu++14";
				CLANG_CXX_LIBRARY = "libc++";
				CLANG_ENABLE_MODULES = YES;
				CLANG_ENABLE_OBJC_ARC = YES;
				CLANG_ENABLE_OBJC_WEAK = YES;
				CLANG_WARN_BLOCK_CAPTURE_AUTORELEASING = YES;
				CLANG_WARN_BOOL_CONVERSION = YES;
				CLANG_WARN_COMMA = YES;
				CLANG_WARN_CONSTANT_CONVERSION = YES;
				CLANG_WARN_DEPRECATED_OBJC_IMPLEMENTATIONS = YES;
				CLANG_WARN_DIRECT_OBJC_ISA_USAGE = YES_ERROR;
				CLANG_WARN_DOCUMENTATION_COMMENTS = YES;
				CLANG_WARN_EMPTY_BODY = YES;
				CLANG_WARN_ENUM_CONVERSION = YES;
				CLANG_WARN_INFINITE_RECURSION = YES;
				CLANG_WARN_INT_CONVERSION = YES;
				CLANG_WARN_NON_LITERAL_NULL_CONVERSION = YES;
				CLANG_WARN_OBJC_IMPLICIT_RETAIN_SELF = YES;
				CLANG_WARN_OBJC_LITERAL_CONVERSION = YES;
				CLANG_WARN_OBJC_ROOT_CLASS = YES_ERROR;
				CLANG_WARN_RANGE_LOOP_ANALYSIS = YES;
				CLANG_WARN_STRICT_PROTOTYPES = YES;
				CLANG_WARN_SUSPICIOUS_MOVE = YES;
				CLANG_WARN_UNGUARDED_AVAILABILITY = YES_AGGRESSIVE;
				CLANG_WARN_UNREACHABLE_CODE = YES;
				CLANG_WARN__DUPLICATE_METHOD_MATCH = YES;
				COPY_PHASE_STRIP = NO;
				DEBUG_INFORMATION_FORMAT = dwarf;
				ENABLE_STRICT_OBJC_MSGSEND = YES;
				ENABLE_TESTABILITY = YES;
				GCC_C_LANGUAGE_STANDARD = gnu11;
				GCC_DYNAMIC_NO_PIC = NO;
				GCC_NO_COMMON_BLOCKS = YES;
				GCC_OPTIMIZATION_LEVEL = 0;
				GCC_PREPROCESSOR_DEFINITIONS = (
					"DEBUG=1",
					"$(inherited)",
				);
				GCC_WARN_64_TO_32_BIT_CONVERSION = YES;
				GCC_WARN_ABOUT_RETURN_TYPE = YES_ERROR;
				GCC_WARN_UNDECLARED_SELECTOR = YES;
				GCC_WARN_UNINITIALIZED_AUTOS = YES_AGGRESSIVE;
				GCC_WARN_UNUSED_FUNCTION = YES;
				GCC_WARN_UNUSED_VARIABLE = YES;
				IPHONEOS_DEPLOYMENT_TARGET = 13.4;
				MTL_ENABLE_DEBUG_INFO = INCLUDE_SOURCE;
				MTL_FAST_MATH = YES;
				ONLY_ACTIVE_ARCH = YES;
				SDKROOT = iphoneos;
				SWIFT_ACTIVE_COMPILATION_CONDITIONS = DEBUG;
				SWIFT_OPTIMIZATION_LEVEL = "-Onone";
			};
			name = Debug;
		};
		D14F02B82483851D00B25848 /* Release */ = {
			isa = XCBuildConfiguration;
			buildSettings = {
				ALWAYS_SEARCH_USER_PATHS = NO;
				CLANG_ANALYZER_NONNULL = YES;
				CLANG_ANALYZER_NUMBER_OBJECT_CONVERSION = YES_AGGRESSIVE;
				CLANG_CXX_LANGUAGE_STANDARD = "gnu++14";
				CLANG_CXX_LIBRARY = "libc++";
				CLANG_ENABLE_MODULES = YES;
				CLANG_ENABLE_OBJC_ARC = YES;
				CLANG_ENABLE_OBJC_WEAK = YES;
				CLANG_WARN_BLOCK_CAPTURE_AUTORELEASING = YES;
				CLANG_WARN_BOOL_CONVERSION = YES;
				CLANG_WARN_COMMA = YES;
				CLANG_WARN_CONSTANT_CONVERSION = YES;
				CLANG_WARN_DEPRECATED_OBJC_IMPLEMENTATIONS = YES;
				CLANG_WARN_DIRECT_OBJC_ISA_USAGE = YES_ERROR;
				CLANG_WARN_DOCUMENTATION_COMMENTS = YES;
				CLANG_WARN_EMPTY_BODY = YES;
				CLANG_WARN_ENUM_CONVERSION = YES;
				CLANG_WARN_INFINITE_RECURSION = YES;
				CLANG_WARN_INT_CONVERSION = YES;
				CLANG_WARN_NON_LITERAL_NULL_CONVERSION = YES;
				CLANG_WARN_OBJC_IMPLICIT_RETAIN_SELF = YES;
				CLANG_WARN_OBJC_LITERAL_CONVERSION = YES;
				CLANG_WARN_OBJC_ROOT_CLASS = YES_ERROR;
				CLANG_WARN_RANGE_LOOP_ANALYSIS = YES;
				CLANG_WARN_STRICT_PROTOTYPES = YES;
				CLANG_WARN_SUSPICIOUS_MOVE = YES;
				CLANG_WARN_UNGUARDED_AVAILABILITY = YES_AGGRESSIVE;
				CLANG_WARN_UNREACHABLE_CODE = YES;
				CLANG_WARN__DUPLICATE_METHOD_MATCH = YES;
				COPY_PHASE_STRIP = NO;
				DEBUG_INFORMATION_FORMAT = "dwarf-with-dsym";
				ENABLE_NS_ASSERTIONS = NO;
				ENABLE_STRICT_OBJC_MSGSEND = YES;
				GCC_C_LANGUAGE_STANDARD = gnu11;
				GCC_NO_COMMON_BLOCKS = YES;
				GCC_WARN_64_TO_32_BIT_CONVERSION = YES;
				GCC_WARN_ABOUT_RETURN_TYPE = YES_ERROR;
				GCC_WARN_UNDECLARED_SELECTOR = YES;
				GCC_WARN_UNINITIALIZED_AUTOS = YES_AGGRESSIVE;
				GCC_WARN_UNUSED_FUNCTION = YES;
				GCC_WARN_UNUSED_VARIABLE = YES;
				IPHONEOS_DEPLOYMENT_TARGET = 13.4;
				MTL_ENABLE_DEBUG_INFO = NO;
				MTL_FAST_MATH = YES;
				SDKROOT = iphoneos;
				SWIFT_COMPILATION_MODE = wholemodule;
				SWIFT_OPTIMIZATION_LEVEL = "-O";
				VALIDATE_PRODUCT = YES;
			};
			name = Release;
		};
		D14F02BA2483851D00B25848 /* Debug */ = {
			isa = XCBuildConfiguration;
			buildSettings = {
				ASSETCATALOG_COMPILER_APPICON_NAME = AppIcon;
				CODE_SIGN_STYLE = Automatic;
				DEVELOPMENT_ASSET_PATHS = "\"swift-melcepstrum/Preview Content\"";
				ENABLE_PREVIEWS = YES;
				INFOPLIST_FILE = "swift-melcepstrum/Info.plist";
				LD_RUNPATH_SEARCH_PATHS = (
					"$(inherited)",
					"@executable_path/Frameworks",
				);
				PRODUCT_BUNDLE_IDENTIFIER = "com.bryanwang.swift-melcepstrum";
				PRODUCT_NAME = "$(TARGET_NAME)";
				SWIFT_VERSION = 5.0;
				TARGETED_DEVICE_FAMILY = "1,2";
			};
			name = Debug;
		};
		D14F02BB2483851D00B25848 /* Release */ = {
			isa = XCBuildConfiguration;
			buildSettings = {
				ASSETCATALOG_COMPILER_APPICON_NAME = AppIcon;
				CODE_SIGN_STYLE = Automatic;
				DEVELOPMENT_ASSET_PATHS = "\"swift-melcepstrum/Preview Content\"";
				ENABLE_PREVIEWS = YES;
				INFOPLIST_FILE = "swift-melcepstrum/Info.plist";
				LD_RUNPATH_SEARCH_PATHS = (
					"$(inherited)",
					"@executable_path/Frameworks",
				);
				PRODUCT_BUNDLE_IDENTIFIER = "com.bryanwang.swift-melcepstrum";
				PRODUCT_NAME = "$(TARGET_NAME)";
				SWIFT_VERSION = 5.0;
				TARGETED_DEVICE_FAMILY = "1,2";
			};
			name = Release;
		};
		D14F02BD2483851D00B25848 /* Debug */ = {
			isa = XCBuildConfiguration;
			buildSettings = {
				ALWAYS_EMBED_SWIFT_STANDARD_LIBRARIES = YES;
				BUNDLE_LOADER = "$(TEST_HOST)";
				CODE_SIGN_STYLE = Automatic;
				INFOPLIST_FILE = "swift-melcepstrumTests/Info.plist";
				IPHONEOS_DEPLOYMENT_TARGET = 13.4;
				LD_RUNPATH_SEARCH_PATHS = (
					"$(inherited)",
					"@executable_path/Frameworks",
					"@loader_path/Frameworks",
				);
				PRODUCT_BUNDLE_IDENTIFIER = "com.bryanwang.swift-melcepstrumTests";
				PRODUCT_NAME = "$(TARGET_NAME)";
				SWIFT_VERSION = 5.0;
				TARGETED_DEVICE_FAMILY = "1,2";
				TEST_HOST = "$(BUILT_PRODUCTS_DIR)/swift-melcepstrum.app/swift-melcepstrum";
			};
			name = Debug;
		};
		D14F02BE2483851D00B25848 /* Release */ = {
			isa = XCBuildConfiguration;
			buildSettings = {
				ALWAYS_EMBED_SWIFT_STANDARD_LIBRARIES = YES;
				BUNDLE_LOADER = "$(TEST_HOST)";
				CODE_SIGN_STYLE = Automatic;
				INFOPLIST_FILE = "swift-melcepstrumTests/Info.plist";
				IPHONEOS_DEPLOYMENT_TARGET = 13.4;
				LD_RUNPATH_SEARCH_PATHS = (
					"$(inherited)",
					"@executable_path/Frameworks",
					"@loader_path/Frameworks",
				);
				PRODUCT_BUNDLE_IDENTIFIER = "com.bryanwang.swift-melcepstrumTests";
				PRODUCT_NAME = "$(TARGET_NAME)";
				SWIFT_VERSION = 5.0;
				TARGETED_DEVICE_FAMILY = "1,2";
				TEST_HOST = "$(BUILT_PRODUCTS_DIR)/swift-melcepstrum.app/swift-melcepstrum";
			};
			name = Release;
		};
/* End XCBuildConfiguration section */

/* Begin XCConfigurationList section */
		D14F02952483851C00B25848 /* Build configuration list for PBXProject "swift-melcepstrum" */ = {
			isa = XCConfigurationList;
			buildConfigurations = (
				D14F02B72483851D00B25848 /* Debug */,
				D14F02B82483851D00B25848 /* Release */,
			);
			defaultConfigurationIsVisible = 0;
			defaultConfigurationName = Release;
		};
		D14F02B92483851D00B25848 /* Build configuration list for PBXNativeTarget "swift-melcepstrum" */ = {
			isa = XCConfigurationList;
			buildConfigurations = (
				D14F02BA2483851D00B25848 /* Debug */,
				D14F02BB2483851D00B25848 /* Release */,
			);
			defaultConfigurationIsVisible = 0;
			defaultConfigurationName = Release;
		};
		D14F02BC2483851D00B25848 /* Build configuration list for PBXNativeTarget "swift-melcepstrumTests" */ = {
			isa = XCConfigurationList;
			buildConfigurations = (
				D14F02BD2483851D00B25848 /* Debug */,
				D14F02BE2483851D00B25848 /* Release */,
			);
			defaultConfigurationIsVisible = 0;
			defaultConfigurationName = Release;
		};
/* End XCConfigurationList section */
	};
	rootObject = D14F02922483851C00B25848 /* Project object */;
}
